github.com/lib/pq v1.10.9 h1:YXG7RB+JIjhP29X+OtkiDnYaXQwpS4JEWq7dtCCRUEw=
github.com/lib/pq v1.10.9/go.mod h1:AlVN5x4E4T544tWzH6hKfbfQvm3HdbOxrmggDNAPY9o=
github.com/mahmoud-shabban/gwp/Chapter_2_Go_ChitChat/chitchat/data v0.0.0-20250104151242-082efcb3a7ae h1:tBiXmfnKUYAtuZNIPgxzaECcqAiyexrQHwGwoUeZ7uI=
github.com/mahmoud-shabban/gwp/Chapter_2_Go_ChitChat/chitchat/data v0.0.0-20250104151242-082efcb3a7ae/go.mod h1:pChIdZGL0I5rswrYyCMMVO+pT04T+nroMF85Um/A4ms=
